
Microsoft Visual Studio Solution File, Format Version 12.00
# Visual Studio Version 17
VisualStudioVersion = 17.14.36511.14 d17.14
MinimumVisualStudioVersion = 10.0.40219.1
Project("{FAE04EC0-301F-11D3-BF4B-00C04F79EFBC}") = "jetsonNano", "jetsonNano\jetsonNano.csproj", "{1DCC824B-4B8E-4D09-B0D0-BF685D4E59BB}"
EndProject
Global
	GlobalSection(SolutionConfigurationPlatforms) = preSolution
		Debug|Any CPU = Debug|Any CPU
		Release|Any CPU = Release|Any CPU
	EndGlobalSection
	GlobalSection(ProjectConfigurationPlatforms) = postSolution
		{1DCC824B-4B8E-4D09-B0D0-BF685D4E59BB}.Debug|Any CPU.ActiveCfg = Debug|Any CPU
		{1DCC824B-4B8E-4D09-B0D0-BF685D4E59BB}.Debug|Any CPU.Build.0 = Debug|Any CPU
		{1DCC824B-4B8E-4D09-B0D0-BF685D4E59BB}.Release|Any CPU.ActiveCfg = Release|Any CPU
		{1DCC824B-4B8E-4D09-B0D0-BF685D4E59BB}.Release|Any CPU.Build.0 = Release|Any CPU
	EndGlobalSection
	GlobalSection(SolutionProperties) = preSolution
		HideSolutionNode = FALSE
	EndGlobalSection
	GlobalSection(ExtensibilityGlobals) = postSolution
		SolutionGuid = {FE1EA3C4-C00D-4AED-9338-8AE3F881B472}
	EndGlobalSection
EndGlobal
